
Microsoft Visual Studio Solution File, Format Version 12.00
# Visual Studio Version 16
VisualStudioVersion = 16.0.30709.132
MinimumVisualStudioVersion = 10.0.40219.1
Project("{FAE04EC0-301F-11D3-BF4B-00C04F79EFBC}") = "Juliq", "Juliq\Juliq.csproj", "{1E23F44F-9D7C-4AB9-BAB2-0F4F02DA1DA2}"
EndProject
Global
	GlobalSection(SolutionConfigurationPlatforms) = preSolution
		Debug|Any CPU = Debug|Any CPU
		Release|Any CPU = Release|Any CPU
	EndGlobalSection
	GlobalSection(ProjectConfigurationPlatforms) = postSolution
		{1E23F44F-9D7C-4AB9-BAB2-0F4F02DA1DA2}.Debug|Any CPU.ActiveCfg = Debug|Any CPU
		{1E23F44F-9D7C-4AB9-BAB2-0F4F02DA1DA2}.Debug|Any CPU.Build.0 = Debug|Any CPU
		{1E23F44F-9D7C-4AB9-BAB2-0F4F02DA1DA2}.Release|Any CPU.ActiveCfg = Release|Any CPU
		{1E23F44F-9D7C-4AB9-BAB2-0F4F02DA1DA2}.Release|Any CPU.Build.0 = Release|Any CPU
	EndGlobalSection
	GlobalSection(SolutionProperties) = preSolution
		HideSolutionNode = FALSE
	EndGlobalSection
	GlobalSection(ExtensibilityGlobals) = postSolution
		SolutionGuid = {03645E65-7629-4FC0-8F9C-3AD233135B42}
	EndGlobalSection
EndGlobal
